
Microsoft Visual Studio Solution File, Format Version 12.00
# Visual Studio Version 17
VisualStudioVersion = 17.1.32407.343
MinimumVisualStudioVersion = 10.0.40219.1
Project("{FAE04EC0-301F-11D3-BF4B-00C04F79EFBC}") = "Classic_Teal", "Classic_Teal.csproj", "{4EB50419-1634-4F39-B670-DFBD2D9CB008}"
EndProject
Global
	GlobalSection(SolutionConfigurationPlatforms) = preSolution
		Debug|Any CPU = Debug|Any CPU
		Release|Any CPU = Release|Any CPU
	EndGlobalSection
	GlobalSection(ProjectConfigurationPlatforms) = postSolution
		{4EB50419-1634-4F39-B670-DFBD2D9CB008}.Debug|Any CPU.ActiveCfg = Debug|Any CPU
		{4EB50419-1634-4F39-B670-DFBD2D9CB008}.Debug|Any CPU.Build.0 = Debug|Any CPU
		{4EB50419-1634-4F39-B670-DFBD2D9CB008}.Release|Any CPU.ActiveCfg = Release|Any CPU
		{4EB50419-1634-4F39-B670-DFBD2D9CB008}.Release|Any CPU.Build.0 = Release|Any CPU
	EndGlobalSection
	GlobalSection(SolutionProperties) = preSolution
		HideSolutionNode = FALSE
	EndGlobalSection
	GlobalSection(ExtensibilityGlobals) = postSolution
		SolutionGuid = {9244AD28-C509-4E51-AADB-478D7DA50958}
	EndGlobalSection
EndGlobal
