
Microsoft Visual Studio Solution File, Format Version 12.00
# Visual Studio Version 17
VisualStudioVersion = 17.0.32014.148
MinimumVisualStudioVersion = 10.0.40219.1
Project("{FAE04EC0-301F-11D3-BF4B-00C04F79EFBC}") = "ClassicTealArchivist", "ClassicTealArchivist.csproj", "{58E93F45-C483-4B08-89D9-9B2755C6DA0B}"
EndProject
Global
	GlobalSection(SolutionConfigurationPlatforms) = preSolution
		Debug|Any CPU = Debug|Any CPU
		Release|Any CPU = Release|Any CPU
	EndGlobalSection
	GlobalSection(ProjectConfigurationPlatforms) = postSolution
		{58E93F45-C483-4B08-89D9-9B2755C6DA0B}.Debug|Any CPU.ActiveCfg = Debug|Any CPU
		{58E93F45-C483-4B08-89D9-9B2755C6DA0B}.Debug|Any CPU.Build.0 = Debug|Any CPU
		{58E93F45-C483-4B08-89D9-9B2755C6DA0B}.Release|Any CPU.ActiveCfg = Release|Any CPU
		{58E93F45-C483-4B08-89D9-9B2755C6DA0B}.Release|Any CPU.Build.0 = Release|Any CPU
	EndGlobalSection
	GlobalSection(SolutionProperties) = preSolution
		HideSolutionNode = FALSE
	EndGlobalSection
	GlobalSection(ExtensibilityGlobals) = postSolution
		SolutionGuid = {6403123F-2036-4F69-9974-DCE10040C308}
	EndGlobalSection
EndGlobal
